<?xml version="1.0" encoding="utf-8"?>
<Project ToolsVersion="4.0" xmlns="http://schemas.microsoft.com/developer/msbuild/2003">
  <ItemGroup>
    <Filter Include="Source Files">
      <UniqueIdentifier>{ccd18edb-4091-4216-b8a8-6b7333a168af}</UniqueIdentifier>
      <Extensions>cpp;c;cxx;rc;def;r;odl;hpj;bat;for;f90</Extensions>
    </Filter>
    <Filter Include="Header Files">
      <UniqueIdentifier>{f50284fd-3b3a-4250-b427-cc84ef7edc79}</UniqueIdentifier>
      <Extensions>h;hpp;hxx;hm;inl;fi;fd</Extensions>
    </Filter>
    <Filter Include="Resource Files">
      <UniqueIdentifier>{477719fa-22ce-42ed-9142-01c59a4a39b8}</UniqueIdentifier>
      <Extensions>ico;cur;bmp;dlg;rc2;rct;bin;cnt;rtf;gif;jpg;jpeg;jpe</Extensions>
    </Filter>
  </ItemGroup>
  <ItemGroup>
    <ClCompile Include="..\src\htp4_err.c">
      <Filter>Source Files</Filter>
    </ClCompile>
    <ClCompile Include="..\src\htp4_url.c">
      <Filter>Source Files</Filter>
    </ClCompile>
    <ClCompile Include="..\src\http4u.c">
      <Filter>Source Files</Filter>
    </ClCompile>
    <ClCompile Include="..\src\skt4u.c">
      <Filter>Source Files</Filter>
    </ClCompile>
    <ClCompile Include="..\src\smtp4u.c">
      <Filter>Source Files</Filter>
    </ClCompile>
    <ClCompile Include="..\src\tcp4_err.c">
      <Filter>Source Files</Filter>
    </ClCompile>
    <ClCompile Include="..\src\tcp4_log.c">
      <Filter>Source Files</Filter>
    </ClCompile>
    <ClCompile Include="..\src\tcp4u.c">
      <Filter>Source Files</Filter>
    </ClCompile>
    <ClCompile Include="..\src\tcp4u_ex.c">
      <Filter>Source Files</Filter>
    </ClCompile>
    <ClCompile Include="..\src\tn4u.c">
      <Filter>Source Files</Filter>
    </ClCompile>
    <ClCompile Include="..\src\tn_proto.c">
      <Filter>Source Files</Filter>
    </ClCompile>
    <ClCompile Include="..\src\udp4u.c">
      <Filter>Source Files</Filter>
    </ClCompile>
    <ClCompile Include="..\src\util.c">
      <Filter>Source Files</Filter>
    </ClCompile>
  </ItemGroup>
  <ItemGroup>
    <ClInclude Include="..\src\build.h">
      <Filter>Header Files</Filter>
    </ClInclude>
    <ClInclude Include="..\src\dimens.h">
      <Filter>Header Files</Filter>
    </ClInclude>
    <ClInclude Include="..\src\port.h">
      <Filter>Header Files</Filter>
    </ClInclude>
    <ClInclude Include="..\src\skt4u.h">
      <Filter>Header Files</Filter>
    </ClInclude>
  </ItemGroup>
  <ItemGroup>
    <CustomBuild Include="TCP4W32.DEF">
      <Filter>Source Files</Filter>
    </CustomBuild>
  </ItemGroup>
</Project>