<?xml version="1.0" encoding="utf-8"?>
<Project ToolsVersion="16.0" xmlns="http://schemas.microsoft.com/developer/msbuild/2003">
  <ItemGroup>
    <ClCompile Include="C:\Users\Ashley\Projects\Visual Studio\Cybrelink\lib\gucci\src\draw.cpp">
      <Filter>Source Files</Filter>
    </ClCompile>
    <ClCompile Include="C:\Users\Ashley\Projects\Visual Studio\Cybrelink\lib\gucci\src\geom_types.cpp">
      <Filter>Source Files</Filter>
    </ClCompile>
    <ClCompile Include="C:\Users\Ashley\Projects\Visual Studio\Cybrelink\lib\gucci\src\gucci.cpp">
      <Filter>Source Files</Filter>
    </ClCompile>
    <ClCompile Include="C:\Users\Ashley\Projects\Visual Studio\Cybrelink\lib\gucci\src\gucci_glut.cpp">
      <Filter>Source Files</Filter>
    </ClCompile>
    <ClCompile Include="C:\Users\Ashley\Projects\Visual Studio\Cybrelink\lib\gucci\src\gucci_sdl.cpp">
      <Filter>Source Files</Filter>
    </ClCompile>
    <ClCompile Include="C:\Users\Ashley\Projects\Visual Studio\Cybrelink\lib\gucci\src\gucci_sdl2.cpp">
      <Filter>Source Files</Filter>
    </ClCompile>
    <ClCompile Include="C:\Users\Ashley\Projects\Visual Studio\Cybrelink\lib\gucci\src\image.cpp">
      <Filter>Source Files</Filter>
    </ClCompile>
    <ClCompile Include="C:\Users\Ashley\Projects\Visual Studio\Cybrelink\lib\gucci\src\resize_unix.cpp">
      <Filter>Source Files</Filter>
    </ClCompile>
    <ClCompile Include="C:\Users\Ashley\Projects\Visual Studio\Cybrelink\lib\gucci\src\resize_win32.cpp">
      <Filter>Source Files</Filter>
    </ClCompile>
    <ClCompile Include="C:\Users\Ashley\Projects\Visual Studio\Cybrelink\lib\gucci\src\vertex_buffer_pool.cpp">
      <Filter>Source Files</Filter>
    </ClCompile>
  </ItemGroup>
  <ItemGroup>
    <ClInclude Include="C:\Users\Ashley\Projects\Visual Studio\Cybrelink\lib\gucci\src\draw.h">
      <Filter>Header Files</Filter>
    </ClInclude>
    <ClInclude Include="C:\Users\Ashley\Projects\Visual Studio\Cybrelink\lib\gucci\src\geom_types.h">
      <Filter>Header Files</Filter>
    </ClInclude>
    <ClInclude Include="C:\Users\Ashley\Projects\Visual Studio\Cybrelink\lib\gucci\src\gucci.h">
      <Filter>Header Files</Filter>
    </ClInclude>
    <ClInclude Include="C:\Users\Ashley\Projects\Visual Studio\Cybrelink\lib\gucci\src\gucci_internal.h">
      <Filter>Header Files</Filter>
    </ClInclude>
    <ClInclude Include="C:\Users\Ashley\Projects\Visual Studio\Cybrelink\lib\gucci\src\image.h">
      <Filter>Header Files</Filter>
    </ClInclude>
    <ClInclude Include="C:\Users\Ashley\Projects\Visual Studio\Cybrelink\lib\gucci\src\vertex_buffer_pool.h">
      <Filter>Header Files</Filter>
    </ClInclude>
    <ClInclude Include="C:\Users\Ashley\Projects\Visual Studio\Cybrelink\lib\ftgl\include\FTGL\FTBBox.h">
      <Filter>Header Files</Filter>
    </ClInclude>
    <ClInclude Include="C:\Users\Ashley\Projects\Visual Studio\Cybrelink\lib\ftgl\include\FTGL\FTBitmapGlyph.h">
      <Filter>Header Files</Filter>
    </ClInclude>
    <ClInclude Include="C:\Users\Ashley\Projects\Visual Studio\Cybrelink\lib\ftgl\include\FTGL\FTCharToGlyphIndexMap.h">
      <Filter>Header Files</Filter>
    </ClInclude>
    <ClInclude Include="C:\Users\Ashley\Projects\Visual Studio\Cybrelink\lib\ftgl\include\FTGL\FTCharmap.h">
      <Filter>Header Files</Filter>
    </ClInclude>
    <ClInclude Include="C:\Users\Ashley\Projects\Visual Studio\Cybrelink\lib\ftgl\include\FTGL\FTContour.h">
      <Filter>Header Files</Filter>
    </ClInclude>
    <ClInclude Include="C:\Users\Ashley\Projects\Visual Studio\Cybrelink\lib\ftgl\include\FTGL\FTExtrdGlyph.h">
      <Filter>Header Files</Filter>
    </ClInclude>
    <ClInclude Include="C:\Users\Ashley\Projects\Visual Studio\Cybrelink\lib\ftgl\include\FTGL\FTFace.h">
      <Filter>Header Files</Filter>
    </ClInclude>
    <ClInclude Include="C:\Users\Ashley\Projects\Visual Studio\Cybrelink\lib\ftgl\include\FTGL\FTFont.h">
      <Filter>Header Files</Filter>
    </ClInclude>
    <ClInclude Include="C:\Users\Ashley\Projects\Visual Studio\Cybrelink\lib\ftgl\include\FTGL\FTGL.h">
      <Filter>Header Files</Filter>
    </ClInclude>
    <ClInclude Include="C:\Users\Ashley\Projects\Visual Studio\Cybrelink\lib\ftgl\include\FTGL\FTGLBitmapFont.h">
      <Filter>Header Files</Filter>
    </ClInclude>
    <ClInclude Include="C:\Users\Ashley\Projects\Visual Studio\Cybrelink\lib\ftgl\include\FTGL\FTGLExtrdFont.h">
      <Filter>Header Files</Filter>
    </ClInclude>
    <ClInclude Include="C:\Users\Ashley\Projects\Visual Studio\Cybrelink\lib\ftgl\include\FTGL\FTGLOutlineFont.h">
      <Filter>Header Files</Filter>
    </ClInclude>
    <ClInclude Include="C:\Users\Ashley\Projects\Visual Studio\Cybrelink\lib\ftgl\include\FTGL\FTGLPixmapFont.h">
      <Filter>Header Files</Filter>
    </ClInclude>
    <ClInclude Include="C:\Users\Ashley\Projects\Visual Studio\Cybrelink\lib\ftgl\include\FTGL\FTGLPolygonFont.h">
      <Filter>Header Files</Filter>
    </ClInclude>
    <ClInclude Include="C:\Users\Ashley\Projects\Visual Studio\Cybrelink\lib\ftgl\include\FTGL\FTGLTextureFont.h">
      <Filter>Header Files</Filter>
    </ClInclude>
    <ClInclude Include="C:\Users\Ashley\Projects\Visual Studio\Cybrelink\lib\ftgl\include\FTGL\FTGlyph.h">
      <Filter>Header Files</Filter>
    </ClInclude>
    <ClInclude Include="C:\Users\Ashley\Projects\Visual Studio\Cybrelink\lib\ftgl\include\FTGL\FTGlyphContainer.h">
      <Filter>Header Files</Filter>
    </ClInclude>
    <ClInclude Include="C:\Users\Ashley\Projects\Visual Studio\Cybrelink\lib\ftgl\include\FTGL\FTLibrary.h">
      <Filter>Header Files</Filter>
    </ClInclude>
    <ClInclude Include="C:\Users\Ashley\Projects\Visual Studio\Cybrelink\lib\ftgl\include\FTGL\FTList.h">
      <Filter>Header Files</Filter>
    </ClInclude>
    <ClInclude Include="C:\Users\Ashley\Projects\Visual Studio\Cybrelink\lib\ftgl\include\FTGL\FTOutlineGlyph.h">
      <Filter>Header Files</Filter>
    </ClInclude>
    <ClInclude Include="C:\Users\Ashley\Projects\Visual Studio\Cybrelink\lib\ftgl\include\FTGL\FTPixmapGlyph.h">
      <Filter>Header Files</Filter>
    </ClInclude>
    <ClInclude Include="C:\Users\Ashley\Projects\Visual Studio\Cybrelink\lib\ftgl\include\FTGL\FTPoint.h">
      <Filter>Header Files</Filter>
    </ClInclude>
    <ClInclude Include="C:\Users\Ashley\Projects\Visual Studio\Cybrelink\lib\ftgl\include\FTGL\FTPolyGlyph.h">
      <Filter>Header Files</Filter>
    </ClInclude>
    <ClInclude Include="C:\Users\Ashley\Projects\Visual Studio\Cybrelink\lib\ftgl\include\FTGL\FTSize.h">
      <Filter>Header Files</Filter>
    </ClInclude>
    <ClInclude Include="C:\Users\Ashley\Projects\Visual Studio\Cybrelink\lib\ftgl\include\FTGL\FTTextureGlyph.h">
      <Filter>Header Files</Filter>
    </ClInclude>
    <ClInclude Include="C:\Users\Ashley\Projects\Visual Studio\Cybrelink\lib\ftgl\include\FTGL\FTVector.h">
      <Filter>Header Files</Filter>
    </ClInclude>
    <ClInclude Include="C:\Users\Ashley\Projects\Visual Studio\Cybrelink\lib\ftgl\include\FTGL\FTVectoriser.h">
      <Filter>Header Files</Filter>
    </ClInclude>
  </ItemGroup>
  <ItemGroup>
    <CustomBuild Include="C:\Users\Ashley\Projects\Visual Studio\Cybrelink\lib\gucci\CMakeLists.txt" />
  </ItemGroup>
  <ItemGroup>
    <None Include="C:\Users\Ashley\Projects\Visual Studio\Cybrelink\lib\gucci\data\text_basic_frag.txt" />
    <None Include="C:\Users\Ashley\Projects\Visual Studio\Cybrelink\lib\gucci\data\text_basic_vert.txt" />
    <None Include="C:\Users\Ashley\Projects\Visual Studio\Cybrelink\lib\gucci\data\text_lcd_frag.txt" />
    <None Include="C:\Users\Ashley\Projects\Visual Studio\Cybrelink\lib\gucci\data\text_lcd_vert.txt" />
    <None Include="C:\Users\Ashley\Projects\Visual Studio\Cybrelink\lib\gucci\data\text_sdf_frag.txt" />
  </ItemGroup>
  <ItemGroup>
    <Filter Include="Header Files">
      <UniqueIdentifier>{4D561217-13F0-3627-9B94-1417450FC7C8}</UniqueIdentifier>
    </Filter>
    <Filter Include="Source Files">
      <UniqueIdentifier>{45D512D4-6F54-32BE-89BE-F64B2B643F41}</UniqueIdentifier>
    </Filter>
  </ItemGroup>
</Project>
